
Microsoft Visual Studio Solution File, Format Version 12.00
# Visual Studio Version 17
VisualStudioVersion = 17.5.002.0
MinimumVisualStudioVersion = 10.0.40219.1
Project("{9A19103F-16F7-4668-BE54-9A1E7A4F7556}") = "BetterStartProcess", "BetterStartProcess\BetterStartProcess.csproj", "{B6560CC7-D0F4-4EE2-A550-136196F2734C}"
EndProject
Project("{FAE04EC0-301F-11D3-BF4B-00C04F79EFBC}") = "BetterStartProcessTests", "BetterStartProcessTests\BetterStartProcessTests.csproj", "{FDB4A1CF-3C56-43E7-BF92-F64DA8519F66}"
EndProject
Global
	GlobalSection(SolutionConfigurationPlatforms) = preSolution
		Debug|Any CPU = Debug|Any CPU
		Release|Any CPU = Release|Any CPU
	EndGlobalSection
	GlobalSection(ProjectConfigurationPlatforms) = postSolution
		{B6560CC7-D0F4-4EE2-A550-136196F2734C}.Debug|Any CPU.ActiveCfg = Debug|Any CPU
		{B6560CC7-D0F4-4EE2-A550-136196F2734C}.Debug|Any CPU.Build.0 = Debug|Any CPU
		{B6560CC7-D0F4-4EE2-A550-136196F2734C}.Release|Any CPU.ActiveCfg = Release|Any CPU
		{B6560CC7-D0F4-4EE2-A550-136196F2734C}.Release|Any CPU.Build.0 = Release|Any CPU
		{FDB4A1CF-3C56-43E7-BF92-F64DA8519F66}.Debug|Any CPU.ActiveCfg = Debug|Any CPU
		{FDB4A1CF-3C56-43E7-BF92-F64DA8519F66}.Debug|Any CPU.Build.0 = Debug|Any CPU
		{FDB4A1CF-3C56-43E7-BF92-F64DA8519F66}.Release|Any CPU.ActiveCfg = Release|Any CPU
		{FDB4A1CF-3C56-43E7-BF92-F64DA8519F66}.Release|Any CPU.Build.0 = Release|Any CPU
	EndGlobalSection
	GlobalSection(SolutionProperties) = preSolution
		HideSolutionNode = FALSE
	EndGlobalSection
	GlobalSection(ExtensibilityGlobals) = postSolution
		SolutionGuid = {FFD46FBC-DBC6-4CC6-99BA-E10E8B3E073A}
	EndGlobalSection
EndGlobal
